{
  "name": "@jayvee-digital-labs/scripts",
  "version": "1.2.6",
  "lockfileVersion": 3,
  "requires": true,
  "packages": {
    "": {
      "name": "@jayvee-digital-labs/scripts",
      "version": "1.2.6",
      "license": "MIT",
      "dependencies": {
        "lodash": "^4.17.21"
      },
      "bin": {
        "jvdl-hello-world": "bin/hello-world/hello-world.js",
        "jvdl-local-publish": "bin/local-publish/local-publish.js",
        "jvdl-standardize-repo": "bin/standardize-repo/standardize-repo.js"
      }
    },
    "node_modules/lodash": {
      "version": "4.17.21",
      "resolved": "https://registry.npmjs.org/lodash/-/lodash-4.17.21.tgz",
      "integrity": "sha512-v2kDEe57lecTulaDIuNTPy3Ry4gLGJ6Z1O3vE1krgXZNrsQ+LFTGHVxVjcXPs17LhbZVGedAJv8XZ1tvj5FvSg==",
      "license": "MIT"
    }
  }
}
