{
  "name": "@jayvee-digital-labs/scripts",
  "version": "1.1.1",
  "lockfileVersion": 3,
  "requires": true,
  "packages": {
    "": {
      "name": "@jayvee-digital-labs/scripts",
      "version": "1.1.1",
      "license": "MIT",
      "bin": {
        "jvdl-hello-world": "bin/hello-world/hello-world.js",
        "jvdl-local-publish": "bin/local-publish/local-publish.js"
      }
    }
  }
}
